# This file was autogenerated by Stack.
# You should not edit this file by hand.
# For more information, please see the documentation at:
#   https://docs.haskellstack.org/en/stable/lock_files

packages:
- completed:
    hackage: HaskellNet-SSL-0.3.4.4@sha256:6a1a3c6d3804e857d183e702214476a383628eac83eb4bcbc7d5c4b8a2e05bf3,1704
    pantry-tree:
      sha256: 85697bab25d5c3f0103dec9e2adc3c93029c3647de5d0b0d829bca5fc8bb8188
      size: 577
  original:
    hackage: HaskellNet-SSL-0.3.4.4@sha256:6a1a3c6d3804e857d183e702214476a383628eac83eb4bcbc7d5c4b8a2e05bf3,1704
- completed:
    hackage: country-codes-0.1.4@sha256:c2aff9180f9049d97d3587160c99d6bd9df88e22dd3f4277f92e36050b467713,1653
    pantry-tree:
      sha256: dc96db6807eeb45183e716b9156c9043ee375ff17751f06eff4742a0af8b2b2b
      size: 415
  original:
    hackage: country-codes-0.1.4@sha256:c2aff9180f9049d97d3587160c99d6bd9df88e22dd3f4277f92e36050b467713,1653
- completed:
    hackage: connection-0.3.1@sha256:3dcbf2f10d1677d339267d6dacb38a24913622edf42b05f75a73f381610ddbfc,1563
    pantry-tree:
      sha256: ddf462f50f0fc53404c6dead419c7241faf26da0e67c32accd0d9dc0d6e4da87
      size: 386
  original:
    hackage: connection-0.3.1@sha256:3dcbf2f10d1677d339267d6dacb38a24913622edf42b05f75a73f381610ddbfc,1563
- completed:
    hackage: shakespeare-2.0.30@sha256:203d2c94bb9d75dcf37751e45e1be591d245436e1dc3f259a44e7ba415371805,5060
    pantry-tree:
      sha256: 79d2e33afdd798851a7f586cc9e8a2c1b68ac9d021b49a6541e6bbd88938d747
      size: 3991
  original:
    hackage: shakespeare-2.0.30@sha256:203d2c94bb9d75dcf37751e45e1be591d245436e1dc3f259a44e7ba415371805,5060
- completed:
    hackage: tls-1.9.0@sha256:8ad332dc0224decb1b137bf6c9678b4f786487b9aaa5c9068cd3ad19d42c39a7,5571
    pantry-tree:
      sha256: 91d022739795013aad4d5fee48ff5248623ed4cc83a611c9aa7c52e21766221b
      size: 4897
  original:
    hackage: tls-1.9.0@sha256:8ad332dc0224decb1b137bf6c9678b4f786487b9aaa5c9068cd3ad19d42c39a7,5571
snapshots:
- completed:
    sha256: 7b975b104cb3dbf0c297dfd01f936a4d2ee523241dd0b1ae960522b833fe3027
    size: 714096
    url: https://raw.githubusercontent.com/commercialhaskell/stackage-snapshots/master/lts/22/7.yaml
  original:
    url: https://raw.githubusercontent.com/commercialhaskell/stackage-snapshots/master/lts/22/7.yaml
